
Microsoft Visual Studio Solution File, Format Version 12.00
# Visual Studio Version 17
VisualStudioVersion = 17.9.34622.214
MinimumVisualStudioVersion = 10.0.40219.1
Project("{FAE04EC0-301F-11D3-BF4B-00C04F79EFBC}") = "Presentation", "Presentation\Presentation.csproj", "{85D011B3-8A08-400D-B424-17AD3F6D023B}"
EndProject
Project("{FAE04EC0-301F-11D3-BF4B-00C04F79EFBC}") = "DTO", "DTO\DTO.csproj", "{09BBE30D-A4E6-461B-AD91-83A72AC168C1}"
EndProject
Project("{FAE04EC0-301F-11D3-BF4B-00C04F79EFBC}") = "DAL", "DAL\DAL.csproj", "{530676A4-6B65-442E-921C-27DF81171800}"
EndProject
Project("{FAE04EC0-301F-11D3-BF4B-00C04F79EFBC}") = "BLL", "BLL\BLL.csproj", "{74E3D789-6CCC-4D03-A885-234F84EC76E2}"
EndProject
Project("{FAE04EC0-301F-11D3-BF4B-00C04F79EFBC}") = "DoAn1_Test", "DoAn1_Test\DoAn1_Test.csproj", "{AFF09011-54B1-4275-8998-9BB8AE1FCB5B}"
EndProject
Global
	GlobalSection(SolutionConfigurationPlatforms) = preSolution
		Debug|Any CPU = Debug|Any CPU
		Release|Any CPU = Release|Any CPU
	EndGlobalSection
	GlobalSection(ProjectConfigurationPlatforms) = postSolution
		{85D011B3-8A08-400D-B424-17AD3F6D023B}.Debug|Any CPU.ActiveCfg = Debug|Any CPU
		{85D011B3-8A08-400D-B424-17AD3F6D023B}.Debug|Any CPU.Build.0 = Debug|Any CPU
		{85D011B3-8A08-400D-B424-17AD3F6D023B}.Release|Any CPU.ActiveCfg = Release|Any CPU
		{85D011B3-8A08-400D-B424-17AD3F6D023B}.Release|Any CPU.Build.0 = Release|Any CPU
		{09BBE30D-A4E6-461B-AD91-83A72AC168C1}.Debug|Any CPU.ActiveCfg = Debug|Any CPU
		{09BBE30D-A4E6-461B-AD91-83A72AC168C1}.Debug|Any CPU.Build.0 = Debug|Any CPU
		{09BBE30D-A4E6-461B-AD91-83A72AC168C1}.Release|Any CPU.ActiveCfg = Release|Any CPU
		{09BBE30D-A4E6-461B-AD91-83A72AC168C1}.Release|Any CPU.Build.0 = Release|Any CPU
		{530676A4-6B65-442E-921C-27DF81171800}.Debug|Any CPU.ActiveCfg = Debug|Any CPU
		{530676A4-6B65-442E-921C-27DF81171800}.Debug|Any CPU.Build.0 = Debug|Any CPU
		{530676A4-6B65-442E-921C-27DF81171800}.Release|Any CPU.ActiveCfg = Release|Any CPU
		{530676A4-6B65-442E-921C-27DF81171800}.Release|Any CPU.Build.0 = Release|Any CPU
		{74E3D789-6CCC-4D03-A885-234F84EC76E2}.Debug|Any CPU.ActiveCfg = Debug|Any CPU
		{74E3D789-6CCC-4D03-A885-234F84EC76E2}.Debug|Any CPU.Build.0 = Debug|Any CPU
		{74E3D789-6CCC-4D03-A885-234F84EC76E2}.Release|Any CPU.ActiveCfg = Release|Any CPU
		{74E3D789-6CCC-4D03-A885-234F84EC76E2}.Release|Any CPU.Build.0 = Release|Any CPU
		{AFF09011-54B1-4275-8998-9BB8AE1FCB5B}.Debug|Any CPU.ActiveCfg = Debug|Any CPU
		{AFF09011-54B1-4275-8998-9BB8AE1FCB5B}.Debug|Any CPU.Build.0 = Debug|Any CPU
		{AFF09011-54B1-4275-8998-9BB8AE1FCB5B}.Release|Any CPU.ActiveCfg = Release|Any CPU
		{AFF09011-54B1-4275-8998-9BB8AE1FCB5B}.Release|Any CPU.Build.0 = Release|Any CPU
	EndGlobalSection
	GlobalSection(SolutionProperties) = preSolution
		HideSolutionNode = FALSE
	EndGlobalSection
	GlobalSection(ExtensibilityGlobals) = postSolution
		SolutionGuid = {7EEFFA3C-B6E9-416D-97C6-4D679E1E1B9A}
	EndGlobalSection
EndGlobal
